
Microsoft Visual Studio Solution File, Format Version 12.00
# Visual Studio Version 17
VisualStudioVersion = 17.7.34031.279
MinimumVisualStudioVersion = 10.0.40219.1
Project("{FAE04EC0-301F-11D3-BF4B-00C04F79EFBC}") = "Logic", "Logic\Logic.csproj", "{844188D4-624A-4DCF-872E-737B18AFC780}"
EndProject
Project("{FAE04EC0-301F-11D3-BF4B-00C04F79EFBC}") = "wpfChessUI", "wpfChessUI\wpfChessUI.csproj", "{4D729278-F2F7-4483-8CD4-5D3BFE8B5E28}"
EndProject
Global
	GlobalSection(SolutionConfigurationPlatforms) = preSolution
		Debug|Any CPU = Debug|Any CPU
		Release|Any CPU = Release|Any CPU
	EndGlobalSection
	GlobalSection(ProjectConfigurationPlatforms) = postSolution
		{844188D4-624A-4DCF-872E-737B18AFC780}.Debug|Any CPU.ActiveCfg = Debug|Any CPU
		{844188D4-624A-4DCF-872E-737B18AFC780}.Debug|Any CPU.Build.0 = Debug|Any CPU
		{844188D4-624A-4DCF-872E-737B18AFC780}.Release|Any CPU.ActiveCfg = Release|Any CPU
		{844188D4-624A-4DCF-872E-737B18AFC780}.Release|Any CPU.Build.0 = Release|Any CPU
		{4D729278-F2F7-4483-8CD4-5D3BFE8B5E28}.Debug|Any CPU.ActiveCfg = Debug|Any CPU
		{4D729278-F2F7-4483-8CD4-5D3BFE8B5E28}.Debug|Any CPU.Build.0 = Debug|Any CPU
		{4D729278-F2F7-4483-8CD4-5D3BFE8B5E28}.Release|Any CPU.ActiveCfg = Release|Any CPU
		{4D729278-F2F7-4483-8CD4-5D3BFE8B5E28}.Release|Any CPU.Build.0 = Release|Any CPU
	EndGlobalSection
	GlobalSection(SolutionProperties) = preSolution
		HideSolutionNode = FALSE
	EndGlobalSection
	GlobalSection(ExtensibilityGlobals) = postSolution
		SolutionGuid = {5EF4E1FD-BC1D-43D5-87EB-BDB20B6262E9}
	EndGlobalSection
EndGlobal
